# This file is @generated by PDM.
# It is not intended for manual editing.

[metadata]
groups = ["default"]
strategy = ["cross_platform", "inherit_metadata"]
lock_version = "4.4.1"
content_hash = "sha256:a534f296065f631dfbdafa65452713159333172b25d80857ae7b68e955672fb8"

[[package]]
name = "wgetter"
version = "0.7"
summary = "Another command line download utility written in python"
groups = ["default"]
files = [
    {file = "wgetter-0.7.tar.gz", hash = "sha256:b6a4bef1a095e354d1dd24232947f5ee6cd5c6a63e0e34aeb9d7575620c371ee"},
]
